
Microsoft Visual Studio Solution File, Format Version 12.00
# Visual Studio Version 17
VisualStudioVersion = 17.0.31903.59
MinimumVisualStudioVersion = 10.0.40219.1
Project("{2150E333-8FDC-42A3-9474-1A3956D46DE8}") = "tests", "tests", "{0AB3BF05-4346-4AA6-1389-037BE0695223}"
EndProject
Project("{FAE04EC0-301F-11D3-BF4B-00C04F79EFBC}") = "SafePath.Domain.Tests", "tests\SafePath.Domain.Tests\SafePath.Domain.Tests.csproj", "{3D346BB5-043A-4FFF-8BDE-6EE8BA14D286}"
EndProject
Project("{FAE04EC0-301F-11D3-BF4B-00C04F79EFBC}") = "SafePath.Application.Tests", "tests\SafePath.Application.Tests\SafePath.Application.Tests.csproj", "{99971FD4-D62E-44F5-9057-F3961E8C4D69}"
EndProject
Project("{FAE04EC0-301F-11D3-BF4B-00C04F79EFBC}") = "SafePath.Api.IntegrationTests", "tests\SafePath.Api.IntegrationTests\SafePath.Api.IntegrationTests.csproj", "{486E1465-D4B3-435D-BC5F-0C1AC10EF7AF}"
EndProject
Project("{2150E333-8FDC-42A3-9474-1A3956D46DE8}") = "src", "src", "{827E0CD3-B72D-47B6-A68D-7590B98EB39B}"
EndProject
Project("{FAE04EC0-301F-11D3-BF4B-00C04F79EFBC}") = "SafePath.Domain", "src\SafePath.Domain\SafePath.Domain.csproj", "{F4B49E2E-2CA5-43E1-961F-981A0A7FD706}"
EndProject
Project("{FAE04EC0-301F-11D3-BF4B-00C04F79EFBC}") = "SafePath.Application", "src\SafePath.Application\SafePath.Application.csproj", "{4BDEBAB2-B3B6-4329-9FDA-B784449CAC0F}"
EndProject
Project("{FAE04EC0-301F-11D3-BF4B-00C04F79EFBC}") = "SafePath.Infrastructure", "src\SafePath.Infrastructure\SafePath.Infrastructure.csproj", "{D368EDBA-CDF9-46FD-854B-007F3A01B049}"
EndProject
Project("{FAE04EC0-301F-11D3-BF4B-00C04F79EFBC}") = "SafePath.Api", "src\SafePath.Api\SafePath.Api.csproj", "{47833BB0-8191-4D69-AFD1-A269B46BA982}"
EndProject
Global
	GlobalSection(SolutionConfigurationPlatforms) = preSolution
		Debug|Any CPU = Debug|Any CPU
		Debug|x64 = Debug|x64
		Debug|x86 = Debug|x86
		Release|Any CPU = Release|Any CPU
		Release|x64 = Release|x64
		Release|x86 = Release|x86
	EndGlobalSection
	GlobalSection(ProjectConfigurationPlatforms) = postSolution
		{3D346BB5-043A-4FFF-8BDE-6EE8BA14D286}.Debug|Any CPU.ActiveCfg = Debug|Any CPU
		{3D346BB5-043A-4FFF-8BDE-6EE8BA14D286}.Debug|Any CPU.Build.0 = Debug|Any CPU
		{3D346BB5-043A-4FFF-8BDE-6EE8BA14D286}.Debug|x64.ActiveCfg = Debug|Any CPU
		{3D346BB5-043A-4FFF-8BDE-6EE8BA14D286}.Debug|x64.Build.0 = Debug|Any CPU
		{3D346BB5-043A-4FFF-8BDE-6EE8BA14D286}.Debug|x86.ActiveCfg = Debug|Any CPU
		{3D346BB5-043A-4FFF-8BDE-6EE8BA14D286}.Debug|x86.Build.0 = Debug|Any CPU
		{3D346BB5-043A-4FFF-8BDE-6EE8BA14D286}.Release|Any CPU.ActiveCfg = Release|Any CPU
		{3D346BB5-043A-4FFF-8BDE-6EE8BA14D286}.Release|Any CPU.Build.0 = Release|Any CPU
		{3D346BB5-043A-4FFF-8BDE-6EE8BA14D286}.Release|x64.ActiveCfg = Release|Any CPU
		{3D346BB5-043A-4FFF-8BDE-6EE8BA14D286}.Release|x64.Build.0 = Release|Any CPU
		{3D346BB5-043A-4FFF-8BDE-6EE8BA14D286}.Release|x86.ActiveCfg = Release|Any CPU
		{3D346BB5-043A-4FFF-8BDE-6EE8BA14D286}.Release|x86.Build.0 = Release|Any CPU
		{99971FD4-D62E-44F5-9057-F3961E8C4D69}.Debug|Any CPU.ActiveCfg = Debug|Any CPU
		{99971FD4-D62E-44F5-9057-F3961E8C4D69}.Debug|Any CPU.Build.0 = Debug|Any CPU
		{99971FD4-D62E-44F5-9057-F3961E8C4D69}.Debug|x64.ActiveCfg = Debug|Any CPU
		{99971FD4-D62E-44F5-9057-F3961E8C4D69}.Debug|x64.Build.0 = Debug|Any CPU
		{99971FD4-D62E-44F5-9057-F3961E8C4D69}.Debug|x86.ActiveCfg = Debug|Any CPU
		{99971FD4-D62E-44F5-9057-F3961E8C4D69}.Debug|x86.Build.0 = Debug|Any CPU
		{99971FD4-D62E-44F5-9057-F3961E8C4D69}.Release|Any CPU.ActiveCfg = Release|Any CPU
		{99971FD4-D62E-44F5-9057-F3961E8C4D69}.Release|Any CPU.Build.0 = Release|Any CPU
		{99971FD4-D62E-44F5-9057-F3961E8C4D69}.Release|x64.ActiveCfg = Release|Any CPU
		{99971FD4-D62E-44F5-9057-F3961E8C4D69}.Release|x64.Build.0 = Release|Any CPU
		{99971FD4-D62E-44F5-9057-F3961E8C4D69}.Release|x86.ActiveCfg = Release|Any CPU
		{99971FD4-D62E-44F5-9057-F3961E8C4D69}.Release|x86.Build.0 = Release|Any CPU
		{486E1465-D4B3-435D-BC5F-0C1AC10EF7AF}.Debug|Any CPU.ActiveCfg = Debug|Any CPU
		{486E1465-D4B3-435D-BC5F-0C1AC10EF7AF}.Debug|Any CPU.Build.0 = Debug|Any CPU
		{486E1465-D4B3-435D-BC5F-0C1AC10EF7AF}.Debug|x64.ActiveCfg = Debug|Any CPU
		{486E1465-D4B3-435D-BC5F-0C1AC10EF7AF}.Debug|x64.Build.0 = Debug|Any CPU
		{486E1465-D4B3-435D-BC5F-0C1AC10EF7AF}.Debug|x86.ActiveCfg = Debug|Any CPU
		{486E1465-D4B3-435D-BC5F-0C1AC10EF7AF}.Debug|x86.Build.0 = Debug|Any CPU
		{486E1465-D4B3-435D-BC5F-0C1AC10EF7AF}.Release|Any CPU.ActiveCfg = Release|Any CPU
		{486E1465-D4B3-435D-BC5F-0C1AC10EF7AF}.Release|Any CPU.Build.0 = Release|Any CPU
		{486E1465-D4B3-435D-BC5F-0C1AC10EF7AF}.Release|x64.ActiveCfg = Release|Any CPU
		{486E1465-D4B3-435D-BC5F-0C1AC10EF7AF}.Release|x64.Build.0 = Release|Any CPU
		{486E1465-D4B3-435D-BC5F-0C1AC10EF7AF}.Release|x86.ActiveCfg = Release|Any CPU
		{486E1465-D4B3-435D-BC5F-0C1AC10EF7AF}.Release|x86.Build.0 = Release|Any CPU
		{F4B49E2E-2CA5-43E1-961F-981A0A7FD706}.Debug|Any CPU.ActiveCfg = Debug|Any CPU
		{F4B49E2E-2CA5-43E1-961F-981A0A7FD706}.Debug|Any CPU.Build.0 = Debug|Any CPU
		{F4B49E2E-2CA5-43E1-961F-981A0A7FD706}.Debug|x64.ActiveCfg = Debug|Any CPU
		{F4B49E2E-2CA5-43E1-961F-981A0A7FD706}.Debug|x64.Build.0 = Debug|Any CPU
		{F4B49E2E-2CA5-43E1-961F-981A0A7FD706}.Debug|x86.ActiveCfg = Debug|Any CPU
		{F4B49E2E-2CA5-43E1-961F-981A0A7FD706}.Debug|x86.Build.0 = Debug|Any CPU
		{F4B49E2E-2CA5-43E1-961F-981A0A7FD706}.Release|Any CPU.ActiveCfg = Release|Any CPU
		{F4B49E2E-2CA5-43E1-961F-981A0A7FD706}.Release|Any CPU.Build.0 = Release|Any CPU
		{F4B49E2E-2CA5-43E1-961F-981A0A7FD706}.Release|x64.ActiveCfg = Release|Any CPU
		{F4B49E2E-2CA5-43E1-961F-981A0A7FD706}.Release|x64.Build.0 = Release|Any CPU
		{F4B49E2E-2CA5-43E1-961F-981A0A7FD706}.Release|x86.ActiveCfg = Release|Any CPU
		{F4B49E2E-2CA5-43E1-961F-981A0A7FD706}.Release|x86.Build.0 = Release|Any CPU
		{4BDEBAB2-B3B6-4329-9FDA-B784449CAC0F}.Debug|Any CPU.ActiveCfg = Debug|Any CPU
		{4BDEBAB2-B3B6-4329-9FDA-B784449CAC0F}.Debug|Any CPU.Build.0 = Debug|Any CPU
		{4BDEBAB2-B3B6-4329-9FDA-B784449CAC0F}.Debug|x64.ActiveCfg = Debug|Any CPU
		{4BDEBAB2-B3B6-4329-9FDA-B784449CAC0F}.Debug|x64.Build.0 = Debug|Any CPU
		{4BDEBAB2-B3B6-4329-9FDA-B784449CAC0F}.Debug|x86.ActiveCfg = Debug|Any CPU
		{4BDEBAB2-B3B6-4329-9FDA-B784449CAC0F}.Debug|x86.Build.0 = Debug|Any CPU
		{4BDEBAB2-B3B6-4329-9FDA-B784449CAC0F}.Release|Any CPU.ActiveCfg = Release|Any CPU
		{4BDEBAB2-B3B6-4329-9FDA-B784449CAC0F}.Release|Any CPU.Build.0 = Release|Any CPU
		{4BDEBAB2-B3B6-4329-9FDA-B784449CAC0F}.Release|x64.ActiveCfg = Release|Any CPU
		{4BDEBAB2-B3B6-4329-9FDA-B784449CAC0F}.Release|x64.Build.0 = Release|Any CPU
		{4BDEBAB2-B3B6-4329-9FDA-B784449CAC0F}.Release|x86.ActiveCfg = Release|Any CPU
		{4BDEBAB2-B3B6-4329-9FDA-B784449CAC0F}.Release|x86.Build.0 = Release|Any CPU
		{D368EDBA-CDF9-46FD-854B-007F3A01B049}.Debug|Any CPU.ActiveCfg = Debug|Any CPU
		{D368EDBA-CDF9-46FD-854B-007F3A01B049}.Debug|Any CPU.Build.0 = Debug|Any CPU
		{D368EDBA-CDF9-46FD-854B-007F3A01B049}.Debug|x64.ActiveCfg = Debug|Any CPU
		{D368EDBA-CDF9-46FD-854B-007F3A01B049}.Debug|x64.Build.0 = Debug|Any CPU
		{D368EDBA-CDF9-46FD-854B-007F3A01B049}.Debug|x86.ActiveCfg = Debug|Any CPU
		{D368EDBA-CDF9-46FD-854B-007F3A01B049}.Debug|x86.Build.0 = Debug|Any CPU
		{D368EDBA-CDF9-46FD-854B-007F3A01B049}.Release|Any CPU.ActiveCfg = Release|Any CPU
		{D368EDBA-CDF9-46FD-854B-007F3A01B049}.Release|Any CPU.Build.0 = Release|Any CPU
		{D368EDBA-CDF9-46FD-854B-007F3A01B049}.Release|x64.ActiveCfg = Release|Any CPU
		{D368EDBA-CDF9-46FD-854B-007F3A01B049}.Release|x64.Build.0 = Release|Any CPU
		{D368EDBA-CDF9-46FD-854B-007F3A01B049}.Release|x86.ActiveCfg = Release|Any CPU
		{D368EDBA-CDF9-46FD-854B-007F3A01B049}.Release|x86.Build.0 = Release|Any CPU
		{47833BB0-8191-4D69-AFD1-A269B46BA982}.Debug|Any CPU.ActiveCfg = Debug|Any CPU
		{47833BB0-8191-4D69-AFD1-A269B46BA982}.Debug|Any CPU.Build.0 = Debug|Any CPU
		{47833BB0-8191-4D69-AFD1-A269B46BA982}.Debug|x64.ActiveCfg = Debug|Any CPU
		{47833BB0-8191-4D69-AFD1-A269B46BA982}.Debug|x64.Build.0 = Debug|Any CPU
		{47833BB0-8191-4D69-AFD1-A269B46BA982}.Debug|x86.ActiveCfg = Debug|Any CPU
		{47833BB0-8191-4D69-AFD1-A269B46BA982}.Debug|x86.Build.0 = Debug|Any CPU
		{47833BB0-8191-4D69-AFD1-A269B46BA982}.Release|Any CPU.ActiveCfg = Release|Any CPU
		{47833BB0-8191-4D69-AFD1-A269B46BA982}.Release|Any CPU.Build.0 = Release|Any CPU
		{47833BB0-8191-4D69-AFD1-A269B46BA982}.Release|x64.ActiveCfg = Release|Any CPU
		{47833BB0-8191-4D69-AFD1-A269B46BA982}.Release|x64.Build.0 = Release|Any CPU
		{47833BB0-8191-4D69-AFD1-A269B46BA982}.Release|x86.ActiveCfg = Release|Any CPU
		{47833BB0-8191-4D69-AFD1-A269B46BA982}.Release|x86.Build.0 = Release|Any CPU
	EndGlobalSection
	GlobalSection(SolutionProperties) = preSolution
		HideSolutionNode = FALSE
	EndGlobalSection
	GlobalSection(NestedProjects) = preSolution
		{3D346BB5-043A-4FFF-8BDE-6EE8BA14D286} = {0AB3BF05-4346-4AA6-1389-037BE0695223}
		{99971FD4-D62E-44F5-9057-F3961E8C4D69} = {0AB3BF05-4346-4AA6-1389-037BE0695223}
		{486E1465-D4B3-435D-BC5F-0C1AC10EF7AF} = {0AB3BF05-4346-4AA6-1389-037BE0695223}
		{F4B49E2E-2CA5-43E1-961F-981A0A7FD706} = {827E0CD3-B72D-47B6-A68D-7590B98EB39B}
		{4BDEBAB2-B3B6-4329-9FDA-B784449CAC0F} = {827E0CD3-B72D-47B6-A68D-7590B98EB39B}
		{D368EDBA-CDF9-46FD-854B-007F3A01B049} = {827E0CD3-B72D-47B6-A68D-7590B98EB39B}
		{47833BB0-8191-4D69-AFD1-A269B46BA982} = {827E0CD3-B72D-47B6-A68D-7590B98EB39B}
	EndGlobalSection
EndGlobal
